{
  "name": "chess_static",
  "lockfileVersion": 3,
  "requires": true,
  "packages": {
    "": {
      "dependencies": {
        "@lichess-org/chessground": "^9.5.1"
      }
    },
    "node_modules/@lichess-org/chessground": {
      "version": "9.5.1",
      "resolved": "https://registry.npmmirror.com/@lichess-org/chessground/-/chessground-9.5.1.tgz",
      "integrity": "sha512-PjtXCv2TVrEbfAc1rpfweGKf2eDqa2118ljnQnWKPw7xhPVPam0cVQUDck3LMikSeVCWe4dgdw3bPargaziSsQ==",
      "license": "GPL-3.0-or-later",
      "funding": {
        "url": "https://lichess.org/patron"
      }
    }
  }
}
